// !$*UTF8*$!
{
	archiveVersion = 1;
	classes = {
	};
	objectVersion = 51;
	objects = {

/* Begin PBXBuildFile section */
		0AA44497260722A60019C53E /* AppDelegate.swift in Sources */ = {isa = PBXBuildFile; fileRef = 0AA44496260722A60019C53E /* AppDelegate.swift */; };
		0AA4449B260722A60019C53E /* ViewController.swift in Sources */ = {isa = PBXBuildFile; fileRef = 0AA4449A260722A60019C53E /* ViewController.swift */; };
		0AA444A0260722A90019C53E /* Assets.xcassets in Resources */ = {isa = PBXBuildFile; fileRef = 0AA4449F260722A90019C53E /* Assets.xcassets */; };
		0AA444A3260722A90019C53E /* LaunchScreen.storyboard in Resources */ = {isa = PBXBuildFile; fileRef = 0AA444A1260722A90019C53E /* LaunchScreen.storyboard */; };
		0AA444B3260731B50019C53E /* JHLaunchManager.swift in Sources */ = {isa = PBXBuildFile; fileRef = 0AA444B2260731B50019C53E /* JHLaunchManager.swift */; };
		0AA444B9260731FE0019C53E /* JHSDKManager.swift in Sources */ = {isa = PBXBuildFile; fileRef = 0AA444B8260731FE0019C53E /* JHSDKManager.swift */; };
		90B5317202EE233351BD7673 /* Pods_JHChatIM.framework in Frameworks */ = {isa = PBXBuildFile; fileRef = 032A8F8A530EE434A7E0116A /* Pods_JHChatIM.framework */; };
/* End PBXBuildFile section */

/* Begin PBXFileReference section */
		032A8F8A530EE434A7E0116A /* Pods_JHChatIM.framework */ = {isa = PBXFileReference; explicitFileType = wrapper.framework; includeInIndex = 0; path = Pods_JHChatIM.framework; sourceTree = BUILT_PRODUCTS_DIR; };
		0AA44493260722A60019C53E /* JHChatIM.app */ = {isa = PBXFileReference; explicitFileType = wrapper.application; includeInIndex = 0; path = JHChatIM.app; sourceTree = BUILT_PRODUCTS_DIR; };
		0AA44496260722A60019C53E /* AppDelegate.swift */ = {isa = PBXFileReference; lastKnownFileType = sourcecode.swift; path = AppDelegate.swift; sourceTree = "<group>"; };
		0AA4449A260722A60019C53E /* ViewController.swift */ = {isa = PBXFileReference; lastKnownFileType = sourcecode.swift; path = ViewController.swift; sourceTree = "<group>"; };
		0AA4449F260722A90019C53E /* Assets.xcassets */ = {isa = PBXFileReference; lastKnownFileType = folder.assetcatalog; path = Assets.xcassets; sourceTree = "<group>"; };
		0AA444A2260722A90019C53E /* Base */ = {isa = PBXFileReference; lastKnownFileType = file.storyboard; name = Base; path = Base.lproj/LaunchScreen.storyboard; sourceTree = "<group>"; };
		0AA444A4260722A90019C53E /* Info.plist */ = {isa = PBXFileReference; lastKnownFileType = text.plist.xml; path = Info.plist; sourceTree = "<group>"; };
		0AA444B2260731B50019C53E /* JHLaunchManager.swift */ = {isa = PBXFileReference; lastKnownFileType = sourcecode.swift; path = JHLaunchManager.swift; sourceTree = "<group>"; };
		0AA444B8260731FE0019C53E /* JHSDKManager.swift */ = {isa = PBXFileReference; lastKnownFileType = sourcecode.swift; path = JHSDKManager.swift; sourceTree = "<group>"; };
		38FE28764886809CF1DBB823 /* Pods-JHChatIM.debug.xcconfig */ = {isa = PBXFileReference; includeInIndex = 1; lastKnownFileType = text.xcconfig; name = "Pods-JHChatIM.debug.xcconfig"; path = "Target Support Files/Pods-JHChatIM/Pods-JHChatIM.debug.xcconfig"; sourceTree = "<group>"; };
		7603D82079CFC7DA48C8FA98 /* Pods-JHChatIM.release.xcconfig */ = {isa = PBXFileReference; includeInIndex = 1; lastKnownFileType = text.xcconfig; name = "Pods-JHChatIM.release.xcconfig"; path = "Target Support Files/Pods-JHChatIM/Pods-JHChatIM.release.xcconfig"; sourceTree = "<group>"; };
/* End PBXFileReference section */

/* Begin PBXFrameworksBuildPhase section */
		0AA44490260722A60019C53E /* Frameworks */ = {
			isa = PBXFrameworksBuildPhase;
			buildActionMask = 2147483647;
			files = (
				90B5317202EE233351BD7673 /* Pods_JHChatIM.framework in Frameworks */,
			);
			runOnlyForDeploymentPostprocessing = 0;
		};
/* End PBXFrameworksBuildPhase section */

/* Begin PBXGroup section */
		0AA4448A260722A60019C53E = {
			isa = PBXGroup;
			children = (
				0AA44495260722A60019C53E /* JHChatIM */,
				0AA44494260722A60019C53E /* Products */,
				F7CAFFDA06C59D6A1EC77869 /* Pods */,
				9E0BC38F2D8ADE9457F59587 /* Frameworks */,
			);
			sourceTree = "<group>";
		};
		0AA44494260722A60019C53E /* Products */ = {
			isa = PBXGroup;
			children = (
				0AA44493260722A60019C53E /* JHChatIM.app */,
			);
			name = Products;
			sourceTree = "<group>";
		};
		0AA44495260722A60019C53E /* JHChatIM */ = {
			isa = PBXGroup;
			children = (
				0AA444B6260731C50019C53E /* Modules */,
				0AA4449A260722A60019C53E /* ViewController.swift */,
				0AA4449F260722A90019C53E /* Assets.xcassets */,
				0AA444A1260722A90019C53E /* LaunchScreen.storyboard */,
				0AA444A4260722A90019C53E /* Info.plist */,
			);
			path = JHChatIM;
			sourceTree = "<group>";
		};
		0AA444B1260731820019C53E /* JHLaunchManager */ = {
			isa = PBXGroup;
			children = (
				0AA444B2260731B50019C53E /* JHLaunchManager.swift */,
			);
			path = JHLaunchManager;
			sourceTree = "<group>";
		};
		0AA444B6260731C50019C53E /* Modules */ = {
			isa = PBXGroup;
			children = (
				0AA444B1260731820019C53E /* JHLaunchManager */,
				0AA444B7260731DE0019C53E /* JHSDKManager */,
				0AA44496260722A60019C53E /* AppDelegate.swift */,
			);
			path = Modules;
			sourceTree = "<group>";
		};
		0AA444B7260731DE0019C53E /* JHSDKManager */ = {
			isa = PBXGroup;
			children = (
				0AA444B8260731FE0019C53E /* JHSDKManager.swift */,
			);
			path = JHSDKManager;
			sourceTree = "<group>";
		};
		9E0BC38F2D8ADE9457F59587 /* Frameworks */ = {
			isa = PBXGroup;
			children = (
				032A8F8A530EE434A7E0116A /* Pods_JHChatIM.framework */,
			);
			name = Frameworks;
			sourceTree = "<group>";
		};
		F7CAFFDA06C59D6A1EC77869 /* Pods */ = {
			isa = PBXGroup;
			children = (
				38FE28764886809CF1DBB823 /* Pods-JHChatIM.debug.xcconfig */,
				7603D82079CFC7DA48C8FA98 /* Pods-JHChatIM.release.xcconfig */,
			);
			path = Pods;
			sourceTree = "<group>";
		};
/* End PBXGroup section */

/* Begin PBXNativeTarget section */
		0AA44492260722A60019C53E /* JHChatIM */ = {
			isa = PBXNativeTarget;
			buildConfigurationList = 0AA444A7260722A90019C53E /* Build configuration list for PBXNativeTarget "JHChatIM" */;
			buildPhases = (
				EE392DEF5E798CDA7EE04104 /* [CP] Check Pods Manifest.lock */,
				0AA4448F260722A60019C53E /* Sources */,
				0AA44490260722A60019C53E /* Frameworks */,
				0AA44491260722A60019C53E /* Resources */,
				3211A92B36C237390B0BBA64 /* [CP] Embed Pods Frameworks */,
			);
			buildRules = (
			);
			dependencies = (
			);
			name = JHChatIM;
			productName = JHChatIM;
			productReference = 0AA44493260722A60019C53E /* JHChatIM.app */;
			productType = "com.apple.product-type.application";
		};
/* End PBXNativeTarget section */

/* Begin PBXProject section */
		0AA4448B260722A60019C53E /* Project object */ = {
			isa = PBXProject;
			attributes = {
				CLASSPREFIX = JH;
				LastSwiftUpdateCheck = 1240;
				LastUpgradeCheck = 1240;
				TargetAttributes = {
					0AA44492260722A60019C53E = {
						CreatedOnToolsVersion = 12.4;
					};
				};
			};
			buildConfigurationList = 0AA4448E260722A60019C53E /* Build configuration list for PBXProject "JHChatIM" */;
			compatibilityVersion = "Xcode 9.3";
			developmentRegion = en;
			hasScannedForEncodings = 0;
			knownRegions = (
				en,
				Base,
			);
			mainGroup = 0AA4448A260722A60019C53E;
			productRefGroup = 0AA44494260722A60019C53E /* Products */;
			projectDirPath = "";
			projectRoot = "";
			targets = (
				0AA44492260722A60019C53E /* JHChatIM */,
			);
		};
/* End PBXProject section */

/* Begin PBXResourcesBuildPhase section */
		0AA44491260722A60019C53E /* Resources */ = {
			isa = PBXResourcesBuildPhase;
			buildActionMask = 2147483647;
			files = (
				0AA444A3260722A90019C53E /* LaunchScreen.storyboard in Resources */,
				0AA444A0260722A90019C53E /* Assets.xcassets in Resources */,
			);
			runOnlyForDeploymentPostprocessing = 0;
		};
/* End PBXResourcesBuildPhase section */

/* Begin PBXShellScriptBuildPhase section */
		3211A92B36C237390B0BBA64 /* [CP] Embed Pods Frameworks */ = {
			isa = PBXShellScriptBuildPhase;
			buildActionMask = 2147483647;
			files = (
			);
			inputFileListPaths = (
				"${PODS_ROOT}/Target Support Files/Pods-JHChatIM/Pods-JHChatIM-frameworks-${CONFIGURATION}-input-files.xcfilelist",
			);
			name = "[CP] Embed Pods Frameworks";
			outputFileListPaths = (
				"${PODS_ROOT}/Target Support Files/Pods-JHChatIM/Pods-JHChatIM-frameworks-${CONFIGURATION}-output-files.xcfilelist",
			);
			runOnlyForDeploymentPostprocessing = 0;
			shellPath = /bin/sh;
			shellScript = "\"${PODS_ROOT}/Target Support Files/Pods-JHChatIM/Pods-JHChatIM-frameworks.sh\"\n";
			showEnvVarsInLog = 0;
		};
		EE392DEF5E798CDA7EE04104 /* [CP] Check Pods Manifest.lock */ = {
			isa = PBXShellScriptBuildPhase;
			buildActionMask = 2147483647;
			files = (
			);
			inputFileListPaths = (
			);
			inputPaths = (
				"${PODS_PODFILE_DIR_PATH}/Podfile.lock",
				"${PODS_ROOT}/Manifest.lock",
			);
			name = "[CP] Check Pods Manifest.lock";
			outputFileListPaths = (
			);
			outputPaths = (
				"$(DERIVED_FILE_DIR)/Pods-JHChatIM-checkManifestLockResult.txt",
			);
			runOnlyForDeploymentPostprocessing = 0;
			shellPath = /bin/sh;
			shellScript = "diff \"${PODS_PODFILE_DIR_PATH}/Podfile.lock\" \"${PODS_ROOT}/Manifest.lock\" > /dev/null\nif [ $? != 0 ] ; then\n    # print error to STDERR\n    echo \"error: The sandbox is not in sync with the Podfile.lock. Run 'pod install' or update your CocoaPods installation.\" >&2\n    exit 1\nfi\n# This output is used by Xcode 'outputs' to avoid re-running this script phase.\necho \"SUCCESS\" > \"${SCRIPT_OUTPUT_FILE_0}\"\n";
			showEnvVarsInLog = 0;
		};
/* End PBXShellScriptBuildPhase section */

/* Begin PBXSourcesBuildPhase section */
		0AA4448F260722A60019C53E /* Sources */ = {
			isa = PBXSourcesBuildPhase;
			buildActionMask = 2147483647;
			files = (
				0AA444B9260731FE0019C53E /* JHSDKManager.swift in Sources */,
				0AA444B3260731B50019C53E /* JHLaunchManager.swift in Sources */,
				0AA4449B260722A60019C53E /* ViewController.swift in Sources */,
				0AA44497260722A60019C53E /* AppDelegate.swift in Sources */,
			);
			runOnlyForDeploymentPostprocessing = 0;
		};
/* End PBXSourcesBuildPhase section */

/* Begin PBXVariantGroup section */
		0AA444A1260722A90019C53E /* LaunchScreen.storyboard */ = {
			isa = PBXVariantGroup;
			children = (
				0AA444A2260722A90019C53E /* Base */,
			);
			name = LaunchScreen.storyboard;
			sourceTree = "<group>";
		};
/* End PBXVariantGroup section */

/* Begin XCBuildConfiguration section */
		0AA444A5260722A90019C53E /* Debug */ = {
			isa = XCBuildConfiguration;
			buildSettings = {
				ALWAYS_SEARCH_USER_PATHS = NO;
				CLANG_ANALYZER_NONNULL = YES;
				CLANG_ANALYZER_NUMBER_OBJECT_CONVERSION = YES_AGGRESSIVE;
				CLANG_CXX_LANGUAGE_STANDARD = "gnu++14";
				CLANG_CXX_LIBRARY = "libc++";
				CLANG_ENABLE_MODULES = YES;
				CLANG_ENABLE_OBJC_ARC = YES;
				CLANG_ENABLE_OBJC_WEAK = YES;
				CLANG_WARN_BLOCK_CAPTURE_AUTORELEASING = YES;
				CLANG_WARN_BOOL_CONVERSION = YES;
				CLANG_WARN_COMMA = YES;
				CLANG_WARN_CONSTANT_CONVERSION = YES;
				CLANG_WARN_DEPRECATED_OBJC_IMPLEMENTATIONS = YES;
				CLANG_WARN_DIRECT_OBJC_ISA_USAGE = YES_ERROR;
				CLANG_WARN_DOCUMENTATION_COMMENTS = YES;
				CLANG_WARN_EMPTY_BODY = YES;
				CLANG_WARN_ENUM_CONVERSION = YES;
				CLANG_WARN_INFINITE_RECURSION = YES;
				CLANG_WARN_INT_CONVERSION = YES;
				CLANG_WARN_NON_LITERAL_NULL_CONVERSION = YES;
				CLANG_WARN_OBJC_IMPLICIT_RETAIN_SELF = YES;
				CLANG_WARN_OBJC_LITERAL_CONVERSION = YES;
				CLANG_WARN_OBJC_ROOT_CLASS = YES_ERROR;
				CLANG_WARN_QUOTED_INCLUDE_IN_FRAMEWORK_HEADER = YES;
				CLANG_WARN_RANGE_LOOP_ANALYSIS = YES;
				CLANG_WARN_STRICT_PROTOTYPES = YES;
				CLANG_WARN_SUSPICIOUS_MOVE = YES;
				CLANG_WARN_UNGUARDED_AVAILABILITY = YES_AGGRESSIVE;
				CLANG_WARN_UNREACHABLE_CODE = YES;
				CLANG_WARN__DUPLICATE_METHOD_MATCH = YES;
				COPY_PHASE_STRIP = NO;
				DEBUG_INFORMATION_FORMAT = dwarf;
				ENABLE_STRICT_OBJC_MSGSEND = YES;
				ENABLE_TESTABILITY = YES;
				GCC_C_LANGUAGE_STANDARD = gnu11;
				GCC_DYNAMIC_NO_PIC = NO;
				GCC_NO_COMMON_BLOCKS = YES;
				GCC_OPTIMIZATION_LEVEL = 0;
				GCC_PREPROCESSOR_DEFINITIONS = (
					"DEBUG=1",
					"$(inherited)",
				);
				GCC_WARN_64_TO_32_BIT_CONVERSION = YES;
				GCC_WARN_ABOUT_RETURN_TYPE = YES_ERROR;
				GCC_WARN_UNDECLARED_SELECTOR = YES;
				GCC_WARN_UNINITIALIZED_AUTOS = YES_AGGRESSIVE;
				GCC_WARN_UNUSED_FUNCTION = YES;
				GCC_WARN_UNUSED_VARIABLE = YES;
				IPHONEOS_DEPLOYMENT_TARGET = 14.4;
				MTL_ENABLE_DEBUG_INFO = INCLUDE_SOURCE;
				MTL_FAST_MATH = YES;
				ONLY_ACTIVE_ARCH = YES;
				SDKROOT = iphoneos;
				SWIFT_ACTIVE_COMPILATION_CONDITIONS = DEBUG;
				SWIFT_OPTIMIZATION_LEVEL = "-Onone";
			};
			name = Debug;
		};
		0AA444A6260722A90019C53E /* Release */ = {
			isa = XCBuildConfiguration;
			buildSettings = {
				ALWAYS_SEARCH_USER_PATHS = NO;
				CLANG_ANALYZER_NONNULL = YES;
				CLANG_ANALYZER_NUMBER_OBJECT_CONVERSION = YES_AGGRESSIVE;
				CLANG_CXX_LANGUAGE_STANDARD = "gnu++14";
				CLANG_CXX_LIBRARY = "libc++";
				CLANG_ENABLE_MODULES = YES;
				CLANG_ENABLE_OBJC_ARC = YES;
				CLANG_ENABLE_OBJC_WEAK = YES;
				CLANG_WARN_BLOCK_CAPTURE_AUTORELEASING = YES;
				CLANG_WARN_BOOL_CONVERSION = YES;
				CLANG_WARN_COMMA = YES;
				CLANG_WARN_CONSTANT_CONVERSION = YES;
				CLANG_WARN_DEPRECATED_OBJC_IMPLEMENTATIONS = YES;
				CLANG_WARN_DIRECT_OBJC_ISA_USAGE = YES_ERROR;
				CLANG_WARN_DOCUMENTATION_COMMENTS = YES;
				CLANG_WARN_EMPTY_BODY = YES;
				CLANG_WARN_ENUM_CONVERSION = YES;
				CLANG_WARN_INFINITE_RECURSION = YES;
				CLANG_WARN_INT_CONVERSION = YES;
				CLANG_WARN_NON_LITERAL_NULL_CONVERSION = YES;
				CLANG_WARN_OBJC_IMPLICIT_RETAIN_SELF = YES;
				CLANG_WARN_OBJC_LITERAL_CONVERSION = YES;
				CLANG_WARN_OBJC_ROOT_CLASS = YES_ERROR;
				CLANG_WARN_QUOTED_INCLUDE_IN_FRAMEWORK_HEADER = YES;
				CLANG_WARN_RANGE_LOOP_ANALYSIS = YES;
				CLANG_WARN_STRICT_PROTOTYPES = YES;
				CLANG_WARN_SUSPICIOUS_MOVE = YES;
				CLANG_WARN_UNGUARDED_AVAILABILITY = YES_AGGRESSIVE;
				CLANG_WARN_UNREACHABLE_CODE = YES;
				CLANG_WARN__DUPLICATE_METHOD_MATCH = YES;
				COPY_PHASE_STRIP = NO;
				DEBUG_INFORMATION_FORMAT = "dwarf-with-dsym";
				ENABLE_NS_ASSERTIONS = NO;
				ENABLE_STRICT_OBJC_MSGSEND = YES;
				GCC_C_LANGUAGE_STANDARD = gnu11;
				GCC_NO_COMMON_BLOCKS = YES;
				GCC_WARN_64_TO_32_BIT_CONVERSION = YES;
				GCC_WARN_ABOUT_RETURN_TYPE = YES_ERROR;
				GCC_WARN_UNDECLARED_SELECTOR = YES;
				GCC_WARN_UNINITIALIZED_AUTOS = YES_AGGRESSIVE;
				GCC_WARN_UNUSED_FUNCTION = YES;
				GCC_WARN_UNUSED_VARIABLE = YES;
				IPHONEOS_DEPLOYMENT_TARGET = 14.4;
				MTL_ENABLE_DEBUG_INFO = NO;
				MTL_FAST_MATH = YES;
				SDKROOT = iphoneos;
				SWIFT_COMPILATION_MODE = wholemodule;
				SWIFT_OPTIMIZATION_LEVEL = "-O";
				VALIDATE_PRODUCT = YES;
			};
			name = Release;
		};
		0AA444A8260722A90019C53E /* Debug */ = {
			isa = XCBuildConfiguration;
			baseConfigurationReference = 38FE28764886809CF1DBB823 /* Pods-JHChatIM.debug.xcconfig */;
			buildSettings = {
				ASSETCATALOG_COMPILER_APPICON_NAME = AppIcon;
				ASSETCATALOG_COMPILER_GLOBAL_ACCENT_COLOR_NAME = AccentColor;
				CODE_SIGN_STYLE = Automatic;
				INFOPLIST_FILE = JHChatIM/Info.plist;
				LD_RUNPATH_SEARCH_PATHS = (
					"$(inherited)",
					"@executable_path/Frameworks",
				);
				PRODUCT_BUNDLE_IDENTIFIER = com.Gjianhao.JHChatIM;
				PRODUCT_NAME = "$(TARGET_NAME)";
				SWIFT_VERSION = 5.0;
				TARGETED_DEVICE_FAMILY = "1,2";
			};
			name = Debug;
		};
		0AA444A9260722A90019C53E /* Release */ = {
			isa = XCBuildConfiguration;
			baseConfigurationReference = 7603D82079CFC7DA48C8FA98 /* Pods-JHChatIM.release.xcconfig */;
			buildSettings = {
				ASSETCATALOG_COMPILER_APPICON_NAME = AppIcon;
				ASSETCATALOG_COMPILER_GLOBAL_ACCENT_COLOR_NAME = AccentColor;
				CODE_SIGN_STYLE = Automatic;
				INFOPLIST_FILE = JHChatIM/Info.plist;
				LD_RUNPATH_SEARCH_PATHS = (
					"$(inherited)",
					"@executable_path/Frameworks",
				);
				PRODUCT_BUNDLE_IDENTIFIER = com.Gjianhao.JHChatIM;
				PRODUCT_NAME = "$(TARGET_NAME)";
				SWIFT_VERSION = 5.0;
				TARGETED_DEVICE_FAMILY = "1,2";
			};
			name = Release;
		};
/* End XCBuildConfiguration section */

/* Begin XCConfigurationList section */
		0AA4448E260722A60019C53E /* Build configuration list for PBXProject "JHChatIM" */ = {
			isa = XCConfigurationList;
			buildConfigurations = (
				0AA444A5260722A90019C53E /* Debug */,
				0AA444A6260722A90019C53E /* Release */,
			);
			defaultConfigurationIsVisible = 0;
			defaultConfigurationName = Release;
		};
		0AA444A7260722A90019C53E /* Build configuration list for PBXNativeTarget "JHChatIM" */ = {
			isa = XCConfigurationList;
			buildConfigurations = (
				0AA444A8260722A90019C53E /* Debug */,
				0AA444A9260722A90019C53E /* Release */,
			);
			defaultConfigurationIsVisible = 0;
			defaultConfigurationName = Release;
		};
/* End XCConfigurationList section */
	};
	rootObject = 0AA4448B260722A60019C53E /* Project object */;
}
